
Microsoft Visual Studio Solution File, Format Version 12.00
# Visual Studio Version 17
VisualStudioVersion = 17.13.35818.85
MinimumVisualStudioVersion = 10.0.40219.1
Project("{FAE04EC0-301F-11D3-BF4B-00C04F79EFBC}") = "CustomerAndServerMaintenanceTracking", "CustomerAndServerMaintenanceTracking\CustomerAndServerMaintenanceTracking.csproj", "{D0E38B92-EEBE-4407-BD19-63E225DF53A1}"
EndProject
Project("{FAE04EC0-301F-11D3-BF4B-00C04F79EFBC}") = "ServerMaintenanceService", "ServerMaintenanceService\ServerMaintenanceService.csproj", "{82BE85CD-593A-41C1-83A7-F8CD034139DA}"
EndProject
Project("{FAE04EC0-301F-11D3-BF4B-00C04F79EFBC}") = "PPPoESyncService", "PPPoESyncService\PPPoESyncService.csproj", "{11CCBE2F-5329-4FAD-81B6-FA5C90F47D89}"
EndProject
Project("{FAE04EC0-301F-11D3-BF4B-00C04F79EFBC}") = "SharedLibrary", "SharedLibrary\SharedLibrary.csproj", "{A58FDF22-DA9B-4435-AB00-2F1BCC4C9F2B}"
EndProject
Global
	GlobalSection(SolutionConfigurationPlatforms) = preSolution
		Debug|Any CPU = Debug|Any CPU
		Release|Any CPU = Release|Any CPU
	EndGlobalSection
	GlobalSection(ProjectConfigurationPlatforms) = postSolution
		{D0E38B92-EEBE-4407-BD19-63E225DF53A1}.Debug|Any CPU.ActiveCfg = Debug|Any CPU
		{D0E38B92-EEBE-4407-BD19-63E225DF53A1}.Debug|Any CPU.Build.0 = Debug|Any CPU
		{D0E38B92-EEBE-4407-BD19-63E225DF53A1}.Release|Any CPU.ActiveCfg = Release|Any CPU
		{D0E38B92-EEBE-4407-BD19-63E225DF53A1}.Release|Any CPU.Build.0 = Release|Any CPU
		{82BE85CD-593A-41C1-83A7-F8CD034139DA}.Debug|Any CPU.ActiveCfg = Debug|Any CPU
		{82BE85CD-593A-41C1-83A7-F8CD034139DA}.Debug|Any CPU.Build.0 = Debug|Any CPU
		{82BE85CD-593A-41C1-83A7-F8CD034139DA}.Release|Any CPU.ActiveCfg = Release|Any CPU
		{82BE85CD-593A-41C1-83A7-F8CD034139DA}.Release|Any CPU.Build.0 = Release|Any CPU
		{11CCBE2F-5329-4FAD-81B6-FA5C90F47D89}.Debug|Any CPU.ActiveCfg = Debug|Any CPU
		{11CCBE2F-5329-4FAD-81B6-FA5C90F47D89}.Debug|Any CPU.Build.0 = Debug|Any CPU
		{11CCBE2F-5329-4FAD-81B6-FA5C90F47D89}.Release|Any CPU.ActiveCfg = Release|Any CPU
		{11CCBE2F-5329-4FAD-81B6-FA5C90F47D89}.Release|Any CPU.Build.0 = Release|Any CPU
		{A58FDF22-DA9B-4435-AB00-2F1BCC4C9F2B}.Debug|Any CPU.ActiveCfg = Debug|Any CPU
		{A58FDF22-DA9B-4435-AB00-2F1BCC4C9F2B}.Debug|Any CPU.Build.0 = Debug|Any CPU
		{A58FDF22-DA9B-4435-AB00-2F1BCC4C9F2B}.Release|Any CPU.ActiveCfg = Release|Any CPU
		{A58FDF22-DA9B-4435-AB00-2F1BCC4C9F2B}.Release|Any CPU.Build.0 = Release|Any CPU
	EndGlobalSection
	GlobalSection(SolutionProperties) = preSolution
		HideSolutionNode = FALSE
	EndGlobalSection
	GlobalSection(ExtensibilityGlobals) = postSolution
		SolutionGuid = {0B33B007-5F8D-46E0-9044-91586010A805}
	EndGlobalSection
EndGlobal
